// !$*UTF8*$!
{
	archiveVersion = 1;
	classes = {
	};
	objectVersion = 46;
	objects = {

/* Begin PBXBuildFile section */
		AB0F79A71CFD9C5F00D41069 /* ItemsViewController.m in Sources */ = {isa = PBXBuildFile; fileRef = AB0F79A61CFD9C5F00D41069 /* ItemsViewController.m */; };
		AB0F79AA1CFD9E5300D41069 /* ABTableItem.m in Sources */ = {isa = PBXBuildFile; fileRef = AB0F79A91CFD9E5300D41069 /* ABTableItem.m */; };
		AB0F79AD1CFDA1EF00D41069 /* ABItemStore.m in Sources */ = {isa = PBXBuildFile; fileRef = AB0F79AC1CFDA1EF00D41069 /* ABItemStore.m */; };
		AB0F79B01CFDBF4F00D41069 /* HeaderView.xib in Resources */ = {isa = PBXBuildFile; fileRef = AB0F79AF1CFDBF4F00D41069 /* HeaderView.xib */; };
		AB0F79B51D005C7900D41069 /* DetailViewController.m in Sources */ = {isa = PBXBuildFile; fileRef = AB0F79B31D005C7900D41069 /* DetailViewController.m */; };
		AB0F79B61D005C7900D41069 /* DetailViewController.xib in Resources */ = {isa = PBXBuildFile; fileRef = AB0F79B41D005C7900D41069 /* DetailViewController.xib */; };
		AB0F79B91D055E7D00D41069 /* ABImageStore.m in Sources */ = {isa = PBXBuildFile; fileRef = AB0F79B81D055E7D00D41069 /* ABImageStore.m */; };
		AB0F79BF1D0FFFD800D41069 /* HomepwnerItemCell.m in Sources */ = {isa = PBXBuildFile; fileRef = AB0F79BD1D0FFFD800D41069 /* HomepwnerItemCell.m */; };
		AB0F79C01D0FFFD800D41069 /* HomepwnerItemCell.xib in Resources */ = {isa = PBXBuildFile; fileRef = AB0F79BE1D0FFFD800D41069 /* HomepwnerItemCell.xib */; };
		AB0F79C41D10277800D41069 /* ImageViewController.m in Sources */ = {isa = PBXBuildFile; fileRef = AB0F79C21D10277800D41069 /* ImageViewController.m */; };
		AB0F79C51D10277800D41069 /* ImageViewController.xib in Resources */ = {isa = PBXBuildFile; fileRef = AB0F79C31D10277800D41069 /* ImageViewController.xib */; };
		AB0F79C71D11378E00D41069 /* CoreData.framework in Frameworks */ = {isa = PBXBuildFile; fileRef = AB0F79C61D11378E00D41069 /* CoreData.framework */; };
		AB0F79CA1D1138A200D41069 /* Homepwner.xcdatamodeld in Sources */ = {isa = PBXBuildFile; fileRef = AB0F79C81D1138A200D41069 /* Homepwner.xcdatamodeld */; };
		AB0F79CF1D1140A300D41069 /* ABItem+CoreDataProperties.m in Sources */ = {isa = PBXBuildFile; fileRef = AB0F79CC1D1140A300D41069 /* ABItem+CoreDataProperties.m */; };
		AB0F79D01D1140A300D41069 /* ABItem.m in Sources */ = {isa = PBXBuildFile; fileRef = AB0F79CE1D1140A300D41069 /* ABItem.m */; };
		AB30E7C51CFD95A200C985B2 /* main.m in Sources */ = {isa = PBXBuildFile; fileRef = AB30E7C41CFD95A200C985B2 /* main.m */; };
		AB30E7C81CFD95A200C985B2 /* AppDelegate.m in Sources */ = {isa = PBXBuildFile; fileRef = AB30E7C71CFD95A200C985B2 /* AppDelegate.m */; };
		AB30E7CE1CFD95A200C985B2 /* Main.storyboard in Resources */ = {isa = PBXBuildFile; fileRef = AB30E7CC1CFD95A200C985B2 /* Main.storyboard */; };
		AB30E7D01CFD95A200C985B2 /* Assets.xcassets in Resources */ = {isa = PBXBuildFile; fileRef = AB30E7CF1CFD95A200C985B2 /* Assets.xcassets */; };
		AB30E7D31CFD95A200C985B2 /* LaunchScreen.storyboard in Resources */ = {isa = PBXBuildFile; fileRef = AB30E7D11CFD95A200C985B2 /* LaunchScreen.storyboard */; };
/* End PBXBuildFile section */

/* Begin PBXFileReference section */
		AB0F79A51CFD9C5F00D41069 /* ItemsViewController.h */ = {isa = PBXFileReference; fileEncoding = 4; lastKnownFileType = sourcecode.c.h; path = ItemsViewController.h; sourceTree = "<group>"; };
		AB0F79A61CFD9C5F00D41069 /* ItemsViewController.m */ = {isa = PBXFileReference; fileEncoding = 4; lastKnownFileType = sourcecode.c.objc; path = ItemsViewController.m; sourceTree = "<group>"; };
		AB0F79A81CFD9E5300D41069 /* ABTableItem.h */ = {isa = PBXFileReference; fileEncoding = 4; lastKnownFileType = sourcecode.c.h; path = ABTableItem.h; sourceTree = "<group>"; };
		AB0F79A91CFD9E5300D41069 /* ABTableItem.m */ = {isa = PBXFileReference; fileEncoding = 4; lastKnownFileType = sourcecode.c.objc; path = ABTableItem.m; sourceTree = "<group>"; };
		AB0F79AB1CFDA1EF00D41069 /* ABItemStore.h */ = {isa = PBXFileReference; fileEncoding = 4; lastKnownFileType = sourcecode.c.h; path = ABItemStore.h; sourceTree = "<group>"; };
		AB0F79AC1CFDA1EF00D41069 /* ABItemStore.m */ = {isa = PBXFileReference; fileEncoding = 4; lastKnownFileType = sourcecode.c.objc; path = ABItemStore.m; sourceTree = "<group>"; };
		AB0F79AF1CFDBF4F00D41069 /* HeaderView.xib */ = {isa = PBXFileReference; fileEncoding = 4; lastKnownFileType = file.xib; path = HeaderView.xib; sourceTree = "<group>"; };
		AB0F79B21D005C7900D41069 /* DetailViewController.h */ = {isa = PBXFileReference; fileEncoding = 4; lastKnownFileType = sourcecode.c.h; path = DetailViewController.h; sourceTree = "<group>"; };
		AB0F79B31D005C7900D41069 /* DetailViewController.m */ = {isa = PBXFileReference; fileEncoding = 4; lastKnownFileType = sourcecode.c.objc; path = DetailViewController.m; sourceTree = "<group>"; };
		AB0F79B41D005C7900D41069 /* DetailViewController.xib */ = {isa = PBXFileReference; fileEncoding = 4; lastKnownFileType = file.xib; path = DetailViewController.xib; sourceTree = "<group>"; };
		AB0F79B71D055E7D00D41069 /* ABImageStore.h */ = {isa = PBXFileReference; fileEncoding = 4; lastKnownFileType = sourcecode.c.h; path = ABImageStore.h; sourceTree = "<group>"; };
		AB0F79B81D055E7D00D41069 /* ABImageStore.m */ = {isa = PBXFileReference; fileEncoding = 4; lastKnownFileType = sourcecode.c.objc; path = ABImageStore.m; sourceTree = "<group>"; };
		AB0F79BC1D0FFFD800D41069 /* HomepwnerItemCell.h */ = {isa = PBXFileReference; fileEncoding = 4; lastKnownFileType = sourcecode.c.h; path = HomepwnerItemCell.h; sourceTree = "<group>"; };
		AB0F79BD1D0FFFD800D41069 /* HomepwnerItemCell.m */ = {isa = PBXFileReference; fileEncoding = 4; lastKnownFileType = sourcecode.c.objc; path = HomepwnerItemCell.m; sourceTree = "<group>"; };
		AB0F79BE1D0FFFD800D41069 /* HomepwnerItemCell.xib */ = {isa = PBXFileReference; fileEncoding = 4; lastKnownFileType = file.xib; path = HomepwnerItemCell.xib; sourceTree = "<group>"; };
		AB0F79C11D10277800D41069 /* ImageViewController.h */ = {isa = PBXFileReference; fileEncoding = 4; lastKnownFileType = sourcecode.c.h; path = ImageViewController.h; sourceTree = "<group>"; };
		AB0F79C21D10277800D41069 /* ImageViewController.m */ = {isa = PBXFileReference; fileEncoding = 4; lastKnownFileType = sourcecode.c.objc; path = ImageViewController.m; sourceTree = "<group>"; };
		AB0F79C31D10277800D41069 /* ImageViewController.xib */ = {isa = PBXFileReference; fileEncoding = 4; lastKnownFileType = file.xib; path = ImageViewController.xib; sourceTree = "<group>"; };
		AB0F79C61D11378E00D41069 /* CoreData.framework */ = {isa = PBXFileReference; lastKnownFileType = wrapper.framework; name = CoreData.framework; path = System/Library/Frameworks/CoreData.framework; sourceTree = SDKROOT; };
		AB0F79C91D1138A200D41069 /* Homepwner.xcdatamodel */ = {isa = PBXFileReference; lastKnownFileType = wrapper.xcdatamodel; path = Homepwner.xcdatamodel; sourceTree = "<group>"; };
		AB0F79CB1D1140A300D41069 /* ABItem+CoreDataProperties.h */ = {isa = PBXFileReference; fileEncoding = 4; lastKnownFileType = sourcecode.c.h; path = "ABItem+CoreDataProperties.h"; sourceTree = "<group>"; };
		AB0F79CC1D1140A300D41069 /* ABItem+CoreDataProperties.m */ = {isa = PBXFileReference; fileEncoding = 4; lastKnownFileType = sourcecode.c.objc; path = "ABItem+CoreDataProperties.m"; sourceTree = "<group>"; };
		AB0F79CD1D1140A300D41069 /* ABItem.h */ = {isa = PBXFileReference; fileEncoding = 4; lastKnownFileType = sourcecode.c.h; path = ABItem.h; sourceTree = "<group>"; };
		AB0F79CE1D1140A300D41069 /* ABItem.m */ = {isa = PBXFileReference; fileEncoding = 4; lastKnownFileType = sourcecode.c.objc; path = ABItem.m; sourceTree = "<group>"; };
		AB30E7C01CFD95A200C985B2 /* Homepwner.app */ = {isa = PBXFileReference; explicitFileType = wrapper.application; includeInIndex = 0; path = Homepwner.app; sourceTree = BUILT_PRODUCTS_DIR; };
		AB30E7C41CFD95A200C985B2 /* main.m */ = {isa = PBXFileReference; lastKnownFileType = sourcecode.c.objc; path = main.m; sourceTree = "<group>"; };
		AB30E7C61CFD95A200C985B2 /* AppDelegate.h */ = {isa = PBXFileReference; lastKnownFileType = sourcecode.c.h; path = AppDelegate.h; sourceTree = "<group>"; };
		AB30E7C71CFD95A200C985B2 /* AppDelegate.m */ = {isa = PBXFileReference; lastKnownFileType = sourcecode.c.objc; path = AppDelegate.m; sourceTree = "<group>"; };
		AB30E7CD1CFD95A200C985B2 /* Base */ = {isa = PBXFileReference; lastKnownFileType = file.storyboard; name = Base; path = Base.lproj/Main.storyboard; sourceTree = "<group>"; };
		AB30E7CF1CFD95A200C985B2 /* Assets.xcassets */ = {isa = PBXFileReference; lastKnownFileType = folder.assetcatalog; path = Assets.xcassets; sourceTree = "<group>"; };
		AB30E7D21CFD95A200C985B2 /* Base */ = {isa = PBXFileReference; lastKnownFileType = file.storyboard; name = Base; path = Base.lproj/LaunchScreen.storyboard; sourceTree = "<group>"; };
		AB30E7D41CFD95A200C985B2 /* Info.plist */ = {isa = PBXFileReference; lastKnownFileType = text.plist.xml; path = Info.plist; sourceTree = "<group>"; };
/* End PBXFileReference section */

/* Begin PBXFrameworksBuildPhase section */
		AB30E7BD1CFD95A200C985B2 /* Frameworks */ = {
			isa = PBXFrameworksBuildPhase;
			buildActionMask = 2147483647;
			files = (
				AB0F79C71D11378E00D41069 /* CoreData.framework in Frameworks */,
			);
			runOnlyForDeploymentPostprocessing = 0;
		};
/* End PBXFrameworksBuildPhase section */

/* Begin PBXGroup section */
		AB0F79AE1CFDA20800D41069 /* Models */ = {
			isa = PBXGroup;
			children = (
				AB0F79A81CFD9E5300D41069 /* ABTableItem.h */,
				AB0F79A91CFD9E5300D41069 /* ABTableItem.m */,
				AB0F79C81D1138A200D41069 /* Homepwner.xcdatamodeld */,
				AB0F79CB1D1140A300D41069 /* ABItem+CoreDataProperties.h */,
				AB0F79CC1D1140A300D41069 /* ABItem+CoreDataProperties.m */,
				AB0F79CD1D1140A300D41069 /* ABItem.h */,
				AB0F79CE1D1140A300D41069 /* ABItem.m */,
			);
			name = Models;
			sourceTree = "<group>";
		};
		AB0F79B11CFDC77300D41069 /* Views */ = {
			isa = PBXGroup;
			children = (
				AB0F79AF1CFDBF4F00D41069 /* HeaderView.xib */,
				AB0F79B41D005C7900D41069 /* DetailViewController.xib */,
				AB0F79C31D10277800D41069 /* ImageViewController.xib */,
				AB0F79BE1D0FFFD800D41069 /* HomepwnerItemCell.xib */,
				AB0F79BC1D0FFFD800D41069 /* HomepwnerItemCell.h */,
				AB0F79BD1D0FFFD800D41069 /* HomepwnerItemCell.m */,
			);
			name = Views;
			sourceTree = "<group>";
		};
		AB0F79BA1D082E3C00D41069 /* Stores */ = {
			isa = PBXGroup;
			children = (
				AB0F79AB1CFDA1EF00D41069 /* ABItemStore.h */,
				AB0F79AC1CFDA1EF00D41069 /* ABItemStore.m */,
				AB0F79B71D055E7D00D41069 /* ABImageStore.h */,
				AB0F79B81D055E7D00D41069 /* ABImageStore.m */,
			);
			name = Stores;
			sourceTree = "<group>";
		};
		AB0F79BB1D082E5700D41069 /* Controllers */ = {
			isa = PBXGroup;
			children = (
				AB0F79A51CFD9C5F00D41069 /* ItemsViewController.h */,
				AB0F79A61CFD9C5F00D41069 /* ItemsViewController.m */,
				AB0F79B21D005C7900D41069 /* DetailViewController.h */,
				AB0F79B31D005C7900D41069 /* DetailViewController.m */,
				AB0F79C11D10277800D41069 /* ImageViewController.h */,
				AB0F79C21D10277800D41069 /* ImageViewController.m */,
			);
			name = Controllers;
			sourceTree = "<group>";
		};
		AB30E7B71CFD95A200C985B2 = {
			isa = PBXGroup;
			children = (
				AB0F79C61D11378E00D41069 /* CoreData.framework */,
				AB30E7C21CFD95A200C985B2 /* Homepwner */,
				AB30E7C11CFD95A200C985B2 /* Products */,
			);
			sourceTree = "<group>";
		};
		AB30E7C11CFD95A200C985B2 /* Products */ = {
			isa = PBXGroup;
			children = (
				AB30E7C01CFD95A200C985B2 /* Homepwner.app */,
			);
			name = Products;
			sourceTree = "<group>";
		};
		AB30E7C21CFD95A200C985B2 /* Homepwner */ = {
			isa = PBXGroup;
			children = (
				AB30E7C61CFD95A200C985B2 /* AppDelegate.h */,
				AB30E7C71CFD95A200C985B2 /* AppDelegate.m */,
				AB0F79BB1D082E5700D41069 /* Controllers */,
				AB0F79B11CFDC77300D41069 /* Views */,
				AB0F79AE1CFDA20800D41069 /* Models */,
				AB0F79BA1D082E3C00D41069 /* Stores */,
				AB30E7CC1CFD95A200C985B2 /* Main.storyboard */,
				AB30E7CF1CFD95A200C985B2 /* Assets.xcassets */,
				AB30E7D11CFD95A200C985B2 /* LaunchScreen.storyboard */,
				AB30E7D41CFD95A200C985B2 /* Info.plist */,
				AB30E7C31CFD95A200C985B2 /* Supporting Files */,
			);
			path = Homepwner;
			sourceTree = "<group>";
		};
		AB30E7C31CFD95A200C985B2 /* Supporting Files */ = {
			isa = PBXGroup;
			children = (
				AB30E7C41CFD95A200C985B2 /* main.m */,
			);
			name = "Supporting Files";
			sourceTree = "<group>";
		};
/* End PBXGroup section */

/* Begin PBXNativeTarget section */
		AB30E7BF1CFD95A200C985B2 /* Homepwner */ = {
			isa = PBXNativeTarget;
			buildConfigurationList = AB30E7D71CFD95A200C985B2 /* Build configuration list for PBXNativeTarget "Homepwner" */;
			buildPhases = (
				AB30E7BC1CFD95A200C985B2 /* Sources */,
				AB30E7BD1CFD95A200C985B2 /* Frameworks */,
				AB30E7BE1CFD95A200C985B2 /* Resources */,
			);
			buildRules = (
			);
			dependencies = (
			);
			name = Homepwner;
			productName = Homepwner;
			productReference = AB30E7C01CFD95A200C985B2 /* Homepwner.app */;
			productType = "com.apple.product-type.application";
		};
/* End PBXNativeTarget section */

/* Begin PBXProject section */
		AB30E7B81CFD95A200C985B2 /* Project object */ = {
			isa = PBXProject;
			attributes = {
				LastUpgradeCheck = 0720;
				ORGANIZATIONNAME = "Alexander Blokhin";
				TargetAttributes = {
					AB30E7BF1CFD95A200C985B2 = {
						CreatedOnToolsVersion = 7.2.1;
					};
				};
			};
			buildConfigurationList = AB30E7BB1CFD95A200C985B2 /* Build configuration list for PBXProject "Homepwner" */;
			compatibilityVersion = "Xcode 3.2";
			developmentRegion = English;
			hasScannedForEncodings = 0;
			knownRegions = (
				en,
				Base,
			);
			mainGroup = AB30E7B71CFD95A200C985B2;
			productRefGroup = AB30E7C11CFD95A200C985B2 /* Products */;
			projectDirPath = "";
			projectRoot = "";
			targets = (
				AB30E7BF1CFD95A200C985B2 /* Homepwner */,
			);
		};
/* End PBXProject section */

/* Begin PBXResourcesBuildPhase section */
		AB30E7BE1CFD95A200C985B2 /* Resources */ = {
			isa = PBXResourcesBuildPhase;
			buildActionMask = 2147483647;
			files = (
				AB30E7D31CFD95A200C985B2 /* LaunchScreen.storyboard in Resources */,
				AB30E7D01CFD95A200C985B2 /* Assets.xcassets in Resources */,
				AB0F79B61D005C7900D41069 /* DetailViewController.xib in Resources */,
				AB30E7CE1CFD95A200C985B2 /* Main.storyboard in Resources */,
				AB0F79C51D10277800D41069 /* ImageViewController.xib in Resources */,
				AB0F79C01D0FFFD800D41069 /* HomepwnerItemCell.xib in Resources */,
				AB0F79B01CFDBF4F00D41069 /* HeaderView.xib in Resources */,
			);
			runOnlyForDeploymentPostprocessing = 0;
		};
/* End PBXResourcesBuildPhase section */

/* Begin PBXSourcesBuildPhase section */
		AB30E7BC1CFD95A200C985B2 /* Sources */ = {
			isa = PBXSourcesBuildPhase;
			buildActionMask = 2147483647;
			files = (
				AB0F79A71CFD9C5F00D41069 /* ItemsViewController.m in Sources */,
				AB0F79AA1CFD9E5300D41069 /* ABTableItem.m in Sources */,
				AB0F79BF1D0FFFD800D41069 /* HomepwnerItemCell.m in Sources */,
				AB0F79AD1CFDA1EF00D41069 /* ABItemStore.m in Sources */,
				AB30E7C81CFD95A200C985B2 /* AppDelegate.m in Sources */,
				AB0F79B91D055E7D00D41069 /* ABImageStore.m in Sources */,
				AB0F79C41D10277800D41069 /* ImageViewController.m in Sources */,
				AB30E7C51CFD95A200C985B2 /* main.m in Sources */,
				AB0F79CF1D1140A300D41069 /* ABItem+CoreDataProperties.m in Sources */,
				AB0F79D01D1140A300D41069 /* ABItem.m in Sources */,
				AB0F79B51D005C7900D41069 /* DetailViewController.m in Sources */,
				AB0F79CA1D1138A200D41069 /* Homepwner.xcdatamodeld in Sources */,
			);
			runOnlyForDeploymentPostprocessing = 0;
		};
/* End PBXSourcesBuildPhase section */

/* Begin PBXVariantGroup section */
		AB30E7CC1CFD95A200C985B2 /* Main.storyboard */ = {
			isa = PBXVariantGroup;
			children = (
				AB30E7CD1CFD95A200C985B2 /* Base */,
			);
			name = Main.storyboard;
			sourceTree = "<group>";
		};
		AB30E7D11CFD95A200C985B2 /* LaunchScreen.storyboard */ = {
			isa = PBXVariantGroup;
			children = (
				AB30E7D21CFD95A200C985B2 /* Base */,
			);
			name = LaunchScreen.storyboard;
			sourceTree = "<group>";
		};
/* End PBXVariantGroup section */

/* Begin XCBuildConfiguration section */
		AB30E7D51CFD95A200C985B2 /* Debug */ = {
			isa = XCBuildConfiguration;
			buildSettings = {
				ALWAYS_SEARCH_USER_PATHS = NO;
				CLANG_CXX_LANGUAGE_STANDARD = "gnu++0x";
				CLANG_CXX_LIBRARY = "libc++";
				CLANG_ENABLE_MODULES = YES;
				CLANG_ENABLE_OBJC_ARC = YES;
				CLANG_WARN_BOOL_CONVERSION = YES;
				CLANG_WARN_CONSTANT_CONVERSION = YES;
				CLANG_WARN_DIRECT_OBJC_ISA_USAGE = YES_ERROR;
				CLANG_WARN_EMPTY_BODY = YES;
				CLANG_WARN_ENUM_CONVERSION = YES;
				CLANG_WARN_INT_CONVERSION = YES;
				CLANG_WARN_OBJC_ROOT_CLASS = YES_ERROR;
				CLANG_WARN_UNREACHABLE_CODE = YES;
				CLANG_WARN__DUPLICATE_METHOD_MATCH = YES;
				"CODE_SIGN_IDENTITY[sdk=iphoneos*]" = "iPhone Developer";
				COPY_PHASE_STRIP = NO;
				DEBUG_INFORMATION_FORMAT = dwarf;
				ENABLE_STRICT_OBJC_MSGSEND = YES;
				ENABLE_TESTABILITY = YES;
				GCC_C_LANGUAGE_STANDARD = gnu99;
				GCC_DYNAMIC_NO_PIC = NO;
				GCC_NO_COMMON_BLOCKS = YES;
				GCC_OPTIMIZATION_LEVEL = 0;
				GCC_PREPROCESSOR_DEFINITIONS = (
					"DEBUG=1",
					"$(inherited)",
				);
				GCC_WARN_64_TO_32_BIT_CONVERSION = YES;
				GCC_WARN_ABOUT_RETURN_TYPE = YES_ERROR;
				GCC_WARN_UNDECLARED_SELECTOR = YES;
				GCC_WARN_UNINITIALIZED_AUTOS = YES_AGGRESSIVE;
				GCC_WARN_UNUSED_FUNCTION = YES;
				GCC_WARN_UNUSED_VARIABLE = YES;
				IPHONEOS_DEPLOYMENT_TARGET = 9.2;
				MTL_ENABLE_DEBUG_INFO = YES;
				ONLY_ACTIVE_ARCH = YES;
				SDKROOT = iphoneos;
			};
			name = Debug;
		};
		AB30E7D61CFD95A200C985B2 /* Release */ = {
			isa = XCBuildConfiguration;
			buildSettings = {
				ALWAYS_SEARCH_USER_PATHS = NO;
				CLANG_CXX_LANGUAGE_STANDARD = "gnu++0x";
				CLANG_CXX_LIBRARY = "libc++";
				CLANG_ENABLE_MODULES = YES;
				CLANG_ENABLE_OBJC_ARC = YES;
				CLANG_WARN_BOOL_CONVERSION = YES;
				CLANG_WARN_CONSTANT_CONVERSION = YES;
				CLANG_WARN_DIRECT_OBJC_ISA_USAGE = YES_ERROR;
				CLANG_WARN_EMPTY_BODY = YES;
				CLANG_WARN_ENUM_CONVERSION = YES;
				CLANG_WARN_INT_CONVERSION = YES;
				CLANG_WARN_OBJC_ROOT_CLASS = YES_ERROR;
				CLANG_WARN_UNREACHABLE_CODE = YES;
				CLANG_WARN__DUPLICATE_METHOD_MATCH = YES;
				"CODE_SIGN_IDENTITY[sdk=iphoneos*]" = "iPhone Developer";
				COPY_PHASE_STRIP = NO;
				DEBUG_INFORMATION_FORMAT = "dwarf-with-dsym";
				ENABLE_NS_ASSERTIONS = NO;
				ENABLE_STRICT_OBJC_MSGSEND = YES;
				GCC_C_LANGUAGE_STANDARD = gnu99;
				GCC_NO_COMMON_BLOCKS = YES;
				GCC_WARN_64_TO_32_BIT_CONVERSION = YES;
				GCC_WARN_ABOUT_RETURN_TYPE = YES_ERROR;
				GCC_WARN_UNDECLARED_SELECTOR = YES;
				GCC_WARN_UNINITIALIZED_AUTOS = YES_AGGRESSIVE;
				GCC_WARN_UNUSED_FUNCTION = YES;
				GCC_WARN_UNUSED_VARIABLE = YES;
				IPHONEOS_DEPLOYMENT_TARGET = 9.2;
				MTL_ENABLE_DEBUG_INFO = NO;
				SDKROOT = iphoneos;
				VALIDATE_PRODUCT = YES;
			};
			name = Release;
		};
		AB30E7D81CFD95A200C985B2 /* Debug */ = {
			isa = XCBuildConfiguration;
			buildSettings = {
				ASSETCATALOG_COMPILER_APPICON_NAME = AppIcon;
				INFOPLIST_FILE = Homepwner/Info.plist;
				LD_RUNPATH_SEARCH_PATHS = "$(inherited) @executable_path/Frameworks";
				PRODUCT_BUNDLE_IDENTIFIER = com.jampps.Homepwner;
				PRODUCT_NAME = "$(TARGET_NAME)";
				TARGETED_DEVICE_FAMILY = "1,2";
			};
			name = Debug;
		};
		AB30E7D91CFD95A200C985B2 /* Release */ = {
			isa = XCBuildConfiguration;
			buildSettings = {
				ASSETCATALOG_COMPILER_APPICON_NAME = AppIcon;
				INFOPLIST_FILE = Homepwner/Info.plist;
				LD_RUNPATH_SEARCH_PATHS = "$(inherited) @executable_path/Frameworks";
				PRODUCT_BUNDLE_IDENTIFIER = com.jampps.Homepwner;
				PRODUCT_NAME = "$(TARGET_NAME)";
				TARGETED_DEVICE_FAMILY = "1,2";
			};
			name = Release;
		};
/* End XCBuildConfiguration section */

/* Begin XCConfigurationList section */
		AB30E7BB1CFD95A200C985B2 /* Build configuration list for PBXProject "Homepwner" */ = {
			isa = XCConfigurationList;
			buildConfigurations = (
				AB30E7D51CFD95A200C985B2 /* Debug */,
				AB30E7D61CFD95A200C985B2 /* Release */,
			);
			defaultConfigurationIsVisible = 0;
			defaultConfigurationName = Release;
		};
		AB30E7D71CFD95A200C985B2 /* Build configuration list for PBXNativeTarget "Homepwner" */ = {
			isa = XCConfigurationList;
			buildConfigurations = (
				AB30E7D81CFD95A200C985B2 /* Debug */,
				AB30E7D91CFD95A200C985B2 /* Release */,
			);
			defaultConfigurationIsVisible = 0;
			defaultConfigurationName = Release;
		};
/* End XCConfigurationList section */

/* Begin XCVersionGroup section */
		AB0F79C81D1138A200D41069 /* Homepwner.xcdatamodeld */ = {
			isa = XCVersionGroup;
			children = (
				AB0F79C91D1138A200D41069 /* Homepwner.xcdatamodel */,
			);
			currentVersion = AB0F79C91D1138A200D41069 /* Homepwner.xcdatamodel */;
			path = Homepwner.xcdatamodeld;
			sourceTree = "<group>";
			versionGroupType = wrapper.xcdatamodel;
		};
/* End XCVersionGroup section */
	};
	rootObject = AB30E7B81CFD95A200C985B2 /* Project object */;
}
